
Microsoft Visual Studio Solution File, Format Version 12.00
# Visual Studio Version 17
VisualStudioVersion = 17.0.31903.59
MinimumVisualStudioVersion = 10.0.40219.1
Project("{FAE04EC0-301F-11D3-BF4B-00C04F79EFBC}") = "Infrastructure", "Infrastructure\Infrastructure.csproj", "{407828FD-9238-468C-8149-A45548CD8063}"
EndProject
Project("{FAE04EC0-301F-11D3-BF4B-00C04F79EFBC}") = "Core", "Core\Core.csproj", "{21781F6E-9859-400F-A868-13974DD29404}"
EndProject
Project("{FAE04EC0-301F-11D3-BF4B-00C04F79EFBC}") = "API", "API\API.csproj", "{C0F0DB9E-67B6-45B4-BF75-D71753F18AB9}"
EndProject
Global
	GlobalSection(SolutionConfigurationPlatforms) = preSolution
		Debug|Any CPU = Debug|Any CPU
		Release|Any CPU = Release|Any CPU
	EndGlobalSection
	GlobalSection(SolutionProperties) = preSolution
		HideSolutionNode = FALSE
	EndGlobalSection
	GlobalSection(ProjectConfigurationPlatforms) = postSolution
		{407828FD-9238-468C-8149-A45548CD8063}.Debug|Any CPU.ActiveCfg = Debug|Any CPU
		{407828FD-9238-468C-8149-A45548CD8063}.Debug|Any CPU.Build.0 = Debug|Any CPU
		{407828FD-9238-468C-8149-A45548CD8063}.Release|Any CPU.ActiveCfg = Release|Any CPU
		{407828FD-9238-468C-8149-A45548CD8063}.Release|Any CPU.Build.0 = Release|Any CPU
		{21781F6E-9859-400F-A868-13974DD29404}.Debug|Any CPU.ActiveCfg = Debug|Any CPU
		{21781F6E-9859-400F-A868-13974DD29404}.Debug|Any CPU.Build.0 = Debug|Any CPU
		{21781F6E-9859-400F-A868-13974DD29404}.Release|Any CPU.ActiveCfg = Release|Any CPU
		{21781F6E-9859-400F-A868-13974DD29404}.Release|Any CPU.Build.0 = Release|Any CPU
		{C0F0DB9E-67B6-45B4-BF75-D71753F18AB9}.Debug|Any CPU.ActiveCfg = Debug|Any CPU
		{C0F0DB9E-67B6-45B4-BF75-D71753F18AB9}.Debug|Any CPU.Build.0 = Debug|Any CPU
		{C0F0DB9E-67B6-45B4-BF75-D71753F18AB9}.Release|Any CPU.ActiveCfg = Release|Any CPU
		{C0F0DB9E-67B6-45B4-BF75-D71753F18AB9}.Release|Any CPU.Build.0 = Release|Any CPU
	EndGlobalSection
EndGlobal
